{
  "name": "apidom-ns-openapi3-1",
  "version": "0.1.0",
  "lockfileVersion": 1,
  "requires": true,
  "dependencies": {
    "lodash": {
      "version": "4.17.19",
      "resolved": "https://registry.npmjs.org/lodash/-/lodash-4.17.19.tgz",
      "integrity": "sha512-JNvd8XER9GQX0v2qJgsaN/mzFCNA5BRe/j8JN9d+tWyGLSodKQHKFicdwNYzWwI3wjRnaKPsGj1XkBjx/F96DQ=="
    },
    "minim": {
      "version": "0.23.8",
      "resolved": "https://registry.npmjs.org/minim/-/minim-0.23.8.tgz",
      "integrity": "sha512-bjdr2xW1dBCMsMGGsUeqM4eFI60m94+szhxWys+B1ztIt6gWSfeGBdSVCIawezeHYLYn0j6zrsXdQS/JllBzww==",
      "requires": {
        "lodash": "^4.15.0"
      }
    }
  }
}
