{
  "name": "apidom-parser-adapter-openapi3",
  "version": "0.1.0",
  "lockfileVersion": 1,
  "requires": true,
  "dependencies": {
    "apidom": {
      "version": "0.1.0",
      "requires": {
        "minim": "^0.23.6"
      },
      "dependencies": {
        "apidom-ns-openapi3": {},
        "apidom-parser": {
          "dependencies": {
            "apidom": {
              "dependencies": {
                "apidom-ns-openapi3": {},
                "apidom-parser": {
                  "dependencies": {}
                },
                "apidom-parser-adapter-openapi3": {
                  "requires": {
                    "apidom": "^0.1.0",
                    "apidom-ns-openapi3": "^0.1.0"
                  },
                  "dependencies": {
                    "apidom": {
                      "version": "0.1.0",
                      "requires": {
                        "minim": "^0.23.6"
                      },
                      "dependencies": {}
                    },
                    "apidom-ns-openapi3": {
                      "version": "0.1.0",
                      "requires": {
                        "minim": "^0.23.6"
                      },
                      "dependencies": {
                        "lodash": {
                          "version": "4.17.15",
                          "resolved": "https://registry.npmjs.org/lodash/-/lodash-4.17.15.tgz",
                          "integrity": "sha512-8xOcRHvCjnocdS5cpwXQXVzmmh5e5+saE2QGoeQmbKmRS6J3VQppPOIt0MnmE+4xlZoumy0GPG0D0MVIQbNA1A=="
                        },
                        "minim": {
                          "version": "0.23.7",
                          "resolved": "https://registry.npmjs.org/minim/-/minim-0.23.7.tgz",
                          "integrity": "sha512-XAp54ttzelevD/iN0U+N7I0clxrFw9n01Ou0ZGS3tuweXpzjfnFq2rDrqFeHqBoYUtpt/3vt1JFvBtPMc5KW/Q==",
                          "requires": {
                            "lodash": "^4.15.0"
                          }
                        }
                      }
                    }
                  }
                }
              }
            },
            "apidom-ns-openapi3": {},
            "apidom-parser-adapter-openapi3": {
              "requires": {
                "apidom": "^0.1.0",
                "apidom-ns-openapi3": "^0.1.0"
              },
              "dependencies": {
                "apidom": {
                  "version": "0.1.0",
                  "requires": {
                    "minim": "^0.23.6"
                  },
                  "dependencies": {}
                },
                "apidom-ns-openapi3": {
                  "version": "0.1.0",
                  "requires": {
                    "minim": "^0.23.6"
                  },
                  "dependencies": {}
                }
              }
            }
          }
        },
        "apidom-parser-adapter-openapi3": {
          "requires": {
            "apidom": "^0.1.0",
            "apidom-ns-openapi3": "^0.1.0"
          },
          "dependencies": {}
        },
        "lodash": {
          "version": "4.17.15",
          "resolved": "https://registry.npmjs.org/lodash/-/lodash-4.17.15.tgz",
          "integrity": "sha512-8xOcRHvCjnocdS5cpwXQXVzmmh5e5+saE2QGoeQmbKmRS6J3VQppPOIt0MnmE+4xlZoumy0GPG0D0MVIQbNA1A=="
        },
        "minim": {
          "version": "0.23.7",
          "resolved": "https://registry.npmjs.org/minim/-/minim-0.23.7.tgz",
          "integrity": "sha512-XAp54ttzelevD/iN0U+N7I0clxrFw9n01Ou0ZGS3tuweXpzjfnFq2rDrqFeHqBoYUtpt/3vt1JFvBtPMc5KW/Q==",
          "requires": {
            "lodash": "^4.15.0"
          }
        }
      }
    },
    "apidom-ns-openapi3": {
      "version": "0.1.0",
      "requires": {
        "minim": "^0.23.6"
      },
      "dependencies": {}
    },
    "stampit": {
      "version": "4.3.1",
      "resolved": "https://registry.npmjs.org/stampit/-/stampit-4.3.1.tgz",
      "integrity": "sha512-pcCXPy7VUXsxKE+oN2xroBmaQRGIIaRSIeD+HICoZb8w9CS5ojGmKPp3OfkXnO4D9UklcKCm9WmkAvAdrrlfZg=="
    }
  }
}
