{
  "name": "apidom-impl",
  "version": "0.1.0",
  "lockfileVersion": 1,
  "requires": true,
  "dependencies": {
    "lodash": {
      "version": "4.17.15",
      "resolved": "https://registry.npmjs.org/lodash/-/lodash-4.17.15.tgz",
      "integrity": "sha512-8xOcRHvCjnocdS5cpwXQXVzmmh5e5+saE2QGoeQmbKmRS6J3VQppPOIt0MnmE+4xlZoumy0GPG0D0MVIQbNA1A=="
    },
    "minim": {
      "version": "0.23.6",
      "resolved": "https://registry.npmjs.org/minim/-/minim-0.23.6.tgz",
      "integrity": "sha512-DblDp/6TZWAUtVAkzZwWz6SFamq9huwA/jzI1NCFYhBFddAdflUa1+9HBtHcr7jqkqnLvJ4FOeH7s2nmQrzarg==",
      "requires": {
        "lodash": "^4.15.0"
      }
    },
    "ramda": {
      "version": "0.27.0",
      "resolved": "https://registry.npmjs.org/ramda/-/ramda-0.27.0.tgz",
      "integrity": "sha512-pVzZdDpWwWqEVVLshWUHjNwuVP7SfcmPraYuqocJp1yo2U1R7P+5QAfDhdItkuoGqIBnBYrtPp7rEPqDn9HlZA=="
    },
    "ramda-adjunct": {
      "version": "2.26.0",
      "resolved": "https://registry.npmjs.org/ramda-adjunct/-/ramda-adjunct-2.26.0.tgz",
      "integrity": "sha512-E0gVB89iY36X0sNHq0MUhLRzAh0YrKHA0cBKCZma4n1+Y672KrOREXpef89ayW7YhREbb6enMfSBXrkjPt9thA=="
    }
  }
}
